
Microsoft Visual Studio Solution File, Format Version 11.00
# Visual Studio 2010
Project("{FAE04EC0-301F-11D3-BF4B-00C04F79EFBC}") = "NecromaticUnity", "Assembly-CSharp-firstpass.csproj", "{881AAF13-417D-BFB3-66D7-EE7CD441B632}"
EndProject
Project("{FAE04EC0-301F-11D3-BF4B-00C04F79EFBC}") = "NecromaticUnity", "Assembly-CSharp.csproj", "{317D33BC-3EDF-1CDE-1AC4-B7F13F1F4EA1}"
EndProject
Project("{FAE04EC0-301F-11D3-BF4B-00C04F79EFBC}") = "NecromaticUnity", "Assembly-CSharp-Editor.csproj", "{1E468278-120E-08AC-A8EC-493213163E8D}"
EndProject
Global
	GlobalSection(SolutionConfigurationPlatforms) = preSolution
		Debug|Any CPU = Debug|Any CPU
		Release|Any CPU = Release|Any CPU
	EndGlobalSection
	GlobalSection(ProjectConfigurationPlatforms) = postSolution
		{881AAF13-417D-BFB3-66D7-EE7CD441B632}.Debug|Any CPU.ActiveCfg = Debug|Any CPU
		{881AAF13-417D-BFB3-66D7-EE7CD441B632}.Debug|Any CPU.Build.0 = Debug|Any CPU
		{881AAF13-417D-BFB3-66D7-EE7CD441B632}.Release|Any CPU.ActiveCfg = Release|Any CPU
		{881AAF13-417D-BFB3-66D7-EE7CD441B632}.Release|Any CPU.Build.0 = Release|Any CPU
		{317D33BC-3EDF-1CDE-1AC4-B7F13F1F4EA1}.Debug|Any CPU.ActiveCfg = Debug|Any CPU
		{317D33BC-3EDF-1CDE-1AC4-B7F13F1F4EA1}.Debug|Any CPU.Build.0 = Debug|Any CPU
		{317D33BC-3EDF-1CDE-1AC4-B7F13F1F4EA1}.Release|Any CPU.ActiveCfg = Release|Any CPU
		{317D33BC-3EDF-1CDE-1AC4-B7F13F1F4EA1}.Release|Any CPU.Build.0 = Release|Any CPU
		{1E468278-120E-08AC-A8EC-493213163E8D}.Debug|Any CPU.ActiveCfg = Debug|Any CPU
		{1E468278-120E-08AC-A8EC-493213163E8D}.Debug|Any CPU.Build.0 = Debug|Any CPU
		{1E468278-120E-08AC-A8EC-493213163E8D}.Release|Any CPU.ActiveCfg = Release|Any CPU
		{1E468278-120E-08AC-A8EC-493213163E8D}.Release|Any CPU.Build.0 = Release|Any CPU
	EndGlobalSection
	GlobalSection(SolutionProperties) = preSolution
		HideSolutionNode = FALSE
	EndGlobalSection
	GlobalSection(MonoDevelopProperties) = preSolution
		StartupItem = Assembly-CSharp.csproj
	EndGlobalSection
EndGlobal
