
Microsoft Visual Studio Solution File, Format Version 12.00
# Visual Studio for Mac
Project("{FAE04EC0-301F-11D3-BF4B-00C04F79EFBC}") = "Necromatic.Plugins", "Necromatic.Plugins.csproj", "{ED0E6392-2473-50C1-8262-DB120AFB4A36}"
EndProject
Project("{FAE04EC0-301F-11D3-BF4B-00C04F79EFBC}") = "Necromatic", "Necromatic.csproj", "{4339A155-B655-4FAC-64D6-C07FFA2A5B4A}"
EndProject
Project("{FAE04EC0-301F-11D3-BF4B-00C04F79EFBC}") = "Necromatic.Editor.Plugins", "Necromatic.Editor.Plugins.csproj", "{45287A22-0531-49EF-0F7D-CA1CFE51F4E1}"
EndProject
Global
	GlobalSection(SolutionConfigurationPlatforms) = preSolution
		Debug|Any CPU = Debug|Any CPU
		Release|Any CPU = Release|Any CPU
	EndGlobalSection
	GlobalSection(ProjectConfigurationPlatforms) = postSolution
		{ED0E6392-2473-50C1-8262-DB120AFB4A36}.Debug|Any CPU.ActiveCfg = Debug|Any CPU
		{ED0E6392-2473-50C1-8262-DB120AFB4A36}.Debug|Any CPU.Build.0 = Debug|Any CPU
		{ED0E6392-2473-50C1-8262-DB120AFB4A36}.Release|Any CPU.ActiveCfg = Release|Any CPU
		{ED0E6392-2473-50C1-8262-DB120AFB4A36}.Release|Any CPU.Build.0 = Release|Any CPU
		{4339A155-B655-4FAC-64D6-C07FFA2A5B4A}.Debug|Any CPU.ActiveCfg = Debug|Any CPU
		{4339A155-B655-4FAC-64D6-C07FFA2A5B4A}.Debug|Any CPU.Build.0 = Debug|Any CPU
		{4339A155-B655-4FAC-64D6-C07FFA2A5B4A}.Release|Any CPU.ActiveCfg = Release|Any CPU
		{4339A155-B655-4FAC-64D6-C07FFA2A5B4A}.Release|Any CPU.Build.0 = Release|Any CPU
		{45287A22-0531-49EF-0F7D-CA1CFE51F4E1}.Debug|Any CPU.ActiveCfg = Debug|Any CPU
		{45287A22-0531-49EF-0F7D-CA1CFE51F4E1}.Debug|Any CPU.Build.0 = Debug|Any CPU
		{45287A22-0531-49EF-0F7D-CA1CFE51F4E1}.Release|Any CPU.ActiveCfg = Release|Any CPU
		{45287A22-0531-49EF-0F7D-CA1CFE51F4E1}.Release|Any CPU.Build.0 = Release|Any CPU
	EndGlobalSection
	GlobalSection(SolutionProperties) = preSolution
		HideSolutionNode = FALSE
	EndGlobalSection
EndGlobal
