
Microsoft Visual Studio Solution File, Format Version 12.00
# Visual Studio 2015
Project("{FAE04EC0-301F-11D3-BF4B-00C04F79EFBC}") = "Necromatic.CSharp.Plugins", "Necromatic.CSharp.Plugins.csproj", "{B7D41423-49AC-2073-1D92-EB7C6FEE6251}"
EndProject
Project("{FAE04EC0-301F-11D3-BF4B-00C04F79EFBC}") = "Necromatic.CSharp", "Necromatic.CSharp.csproj", "{EFBC53CF-6674-CF3A-A4A5-F7E2711A645C}"
EndProject
Project("{FAE04EC0-301F-11D3-BF4B-00C04F79EFBC}") = "Necromatic.CSharp.Editor.Plugins", "Necromatic.CSharp.Editor.Plugins.csproj", "{ADF1D4F7-5F2D-115B-BF3E-1ACED16D7FC9}"
EndProject
Global
	GlobalSection(SolutionConfigurationPlatforms) = preSolution
		Debug|Any CPU = Debug|Any CPU
		Release|Any CPU = Release|Any CPU
	EndGlobalSection
	GlobalSection(ProjectConfigurationPlatforms) = postSolution
		{B7D41423-49AC-2073-1D92-EB7C6FEE6251}.Debug|Any CPU.ActiveCfg = Debug|Any CPU
		{B7D41423-49AC-2073-1D92-EB7C6FEE6251}.Debug|Any CPU.Build.0 = Debug|Any CPU
		{B7D41423-49AC-2073-1D92-EB7C6FEE6251}.Release|Any CPU.ActiveCfg = Release|Any CPU
		{B7D41423-49AC-2073-1D92-EB7C6FEE6251}.Release|Any CPU.Build.0 = Release|Any CPU
		{EFBC53CF-6674-CF3A-A4A5-F7E2711A645C}.Debug|Any CPU.ActiveCfg = Debug|Any CPU
		{EFBC53CF-6674-CF3A-A4A5-F7E2711A645C}.Debug|Any CPU.Build.0 = Debug|Any CPU
		{EFBC53CF-6674-CF3A-A4A5-F7E2711A645C}.Release|Any CPU.ActiveCfg = Release|Any CPU
		{EFBC53CF-6674-CF3A-A4A5-F7E2711A645C}.Release|Any CPU.Build.0 = Release|Any CPU
		{ADF1D4F7-5F2D-115B-BF3E-1ACED16D7FC9}.Debug|Any CPU.ActiveCfg = Debug|Any CPU
		{ADF1D4F7-5F2D-115B-BF3E-1ACED16D7FC9}.Debug|Any CPU.Build.0 = Debug|Any CPU
		{ADF1D4F7-5F2D-115B-BF3E-1ACED16D7FC9}.Release|Any CPU.ActiveCfg = Release|Any CPU
		{ADF1D4F7-5F2D-115B-BF3E-1ACED16D7FC9}.Release|Any CPU.Build.0 = Release|Any CPU
	EndGlobalSection
	GlobalSection(SolutionProperties) = preSolution
		HideSolutionNode = FALSE
	EndGlobalSection
EndGlobal
