
Microsoft Visual Studio Solution File, Format Version 11.00
# Visual Studio 2010
Project("{FAE04EC0-301F-11D3-BF4B-00C04F79EFBC}") = "Necromatic", "Assembly-CSharp-firstpass.csproj", "{C6B4DD8A-570F-EC96-AAD3-B17C851BA98C}"
EndProject
Project("{FAE04EC0-301F-11D3-BF4B-00C04F79EFBC}") = "Necromatic", "Assembly-CSharp.csproj", "{1EF19A27-72A6-D1EA-1080-800F7F0B9CF2}"
EndProject
Project("{FAE04EC0-301F-11D3-BF4B-00C04F79EFBC}") = "Necromatic", "Assembly-CSharp-Editor-firstpass.csproj", "{EB642A50-EEC1-FDB8-1753-71FF7B6B9094}"
EndProject
Global
	GlobalSection(SolutionConfigurationPlatforms) = preSolution
		Debug|Any CPU = Debug|Any CPU
		Release|Any CPU = Release|Any CPU
	EndGlobalSection
	GlobalSection(ProjectConfigurationPlatforms) = postSolution
		{C6B4DD8A-570F-EC96-AAD3-B17C851BA98C}.Debug|Any CPU.ActiveCfg = Debug|Any CPU
		{C6B4DD8A-570F-EC96-AAD3-B17C851BA98C}.Debug|Any CPU.Build.0 = Debug|Any CPU
		{C6B4DD8A-570F-EC96-AAD3-B17C851BA98C}.Release|Any CPU.ActiveCfg = Release|Any CPU
		{C6B4DD8A-570F-EC96-AAD3-B17C851BA98C}.Release|Any CPU.Build.0 = Release|Any CPU
		{1EF19A27-72A6-D1EA-1080-800F7F0B9CF2}.Debug|Any CPU.ActiveCfg = Debug|Any CPU
		{1EF19A27-72A6-D1EA-1080-800F7F0B9CF2}.Debug|Any CPU.Build.0 = Debug|Any CPU
		{1EF19A27-72A6-D1EA-1080-800F7F0B9CF2}.Release|Any CPU.ActiveCfg = Release|Any CPU
		{1EF19A27-72A6-D1EA-1080-800F7F0B9CF2}.Release|Any CPU.Build.0 = Release|Any CPU
		{EB642A50-EEC1-FDB8-1753-71FF7B6B9094}.Debug|Any CPU.ActiveCfg = Debug|Any CPU
		{EB642A50-EEC1-FDB8-1753-71FF7B6B9094}.Debug|Any CPU.Build.0 = Debug|Any CPU
		{EB642A50-EEC1-FDB8-1753-71FF7B6B9094}.Release|Any CPU.ActiveCfg = Release|Any CPU
		{EB642A50-EEC1-FDB8-1753-71FF7B6B9094}.Release|Any CPU.Build.0 = Release|Any CPU
	EndGlobalSection
	GlobalSection(SolutionProperties) = preSolution
		HideSolutionNode = FALSE
	EndGlobalSection
	GlobalSection(MonoDevelopProperties) = preSolution
		StartupItem = Assembly-CSharp.csproj
	EndGlobalSection
EndGlobal
